
Microsoft Visual Studio Solution File, Format Version 12.00
# Visual Studio Version 17
VisualStudioVersion = 17.2.32505.173
MinimumVisualStudioVersion = 10.0.40219.1
Project("{9A19103F-16F7-4668-BE54-9A1E7A4F7556}") = "Recursive", "Recursive\Recursive.csproj", "{7F8894F2-EDFB-4779-B197-853AD87B6A60}"
EndProject
Project("{9A19103F-16F7-4668-BE54-9A1E7A4F7556}") = "RecursiveTests", "RecursiveTests\RecursiveTests.csproj", "{FB34794D-B382-4803-854C-A43F0CDB044E}"
EndProject
Project("{FAE04EC0-301F-11D3-BF4B-00C04F79EFBC}") = "Maze", "Maze\Maze.csproj", "{E523B13F-10D0-442F-92DC-11852B6D0F78}"
EndProject
Global
	GlobalSection(SolutionConfigurationPlatforms) = preSolution
		Debug|Any CPU = Debug|Any CPU
		Release|Any CPU = Release|Any CPU
	EndGlobalSection
	GlobalSection(ProjectConfigurationPlatforms) = postSolution
		{7F8894F2-EDFB-4779-B197-853AD87B6A60}.Debug|Any CPU.ActiveCfg = Debug|Any CPU
		{7F8894F2-EDFB-4779-B197-853AD87B6A60}.Debug|Any CPU.Build.0 = Debug|Any CPU
		{7F8894F2-EDFB-4779-B197-853AD87B6A60}.Release|Any CPU.ActiveCfg = Release|Any CPU
		{7F8894F2-EDFB-4779-B197-853AD87B6A60}.Release|Any CPU.Build.0 = Release|Any CPU
		{FB34794D-B382-4803-854C-A43F0CDB044E}.Debug|Any CPU.ActiveCfg = Debug|Any CPU
		{FB34794D-B382-4803-854C-A43F0CDB044E}.Debug|Any CPU.Build.0 = Debug|Any CPU
		{FB34794D-B382-4803-854C-A43F0CDB044E}.Release|Any CPU.ActiveCfg = Release|Any CPU
		{FB34794D-B382-4803-854C-A43F0CDB044E}.Release|Any CPU.Build.0 = Release|Any CPU
		{E523B13F-10D0-442F-92DC-11852B6D0F78}.Debug|Any CPU.ActiveCfg = Debug|Any CPU
		{E523B13F-10D0-442F-92DC-11852B6D0F78}.Debug|Any CPU.Build.0 = Debug|Any CPU
		{E523B13F-10D0-442F-92DC-11852B6D0F78}.Release|Any CPU.ActiveCfg = Release|Any CPU
		{E523B13F-10D0-442F-92DC-11852B6D0F78}.Release|Any CPU.Build.0 = Release|Any CPU
	EndGlobalSection
	GlobalSection(SolutionProperties) = preSolution
		HideSolutionNode = FALSE
	EndGlobalSection
	GlobalSection(ExtensibilityGlobals) = postSolution
		SolutionGuid = {A514C6ED-3A8A-4FA7-ADD6-F18B699ECC71}
	EndGlobalSection
EndGlobal
